{
    "_meta": {
        "hash": {
            "sha256": "c3b120bc0b4feab272d4ad2f65e17bb84e19ad724fc8f5bfc4b51ff783effa75"
        },
        "pipfile-spec": 6,
        "requires": {
            "python_version": "3.11"
        },
        "sources": [
            {
                "name": "pypi",
                "url": "https://pypi.org/simple",
                "verify_ssl": true
            }
        ]
    },
    "default": {
        "mongoose": {
            "hashes": [
                "sha256:b28a8d711576d824ee4b7970631c4fea3062134703a499352846a506e8075184"
            ],
            "index": "pypi",
            "version": "==0.0.1"
        },
        "redis": {
            "hashes": [
                "sha256:0dab495cd5753069d3bc650a0dde8a8f9edde16fc5691b689a566eda58100d0f",
                "sha256:ed4802971884ae19d640775ba3b03aa2e7bd5e8fb8dfaed2decce4d0fc48391f"
            ],
            "index": "pypi",
            "markers": "python_version >= '3.7'",
            "version": "==5.0.1"
        }
    },
    "develop": {}
}
